
Microsoft Visual Studio Solution File, Format Version 12.00
# Visual Studio Version 17
VisualStudioVersion = 17.6.33723.286
MinimumVisualStudioVersion = 10.0.40219.1
Project("{FAE04EC0-301F-11D3-BF4B-00C04F79EFBC}") = "NoteHub", "NoteHub.csproj", "{F6BE5CCC-A0AA-4B6E-856F-125B0B4BFF8B}"
EndProject
Global
	GlobalSection(SolutionConfigurationPlatforms) = preSolution
		Debug|Any CPU = Debug|Any CPU
		Release|Any CPU = Release|Any CPU
	EndGlobalSection
	GlobalSection(ProjectConfigurationPlatforms) = postSolution
		{F6BE5CCC-A0AA-4B6E-856F-125B0B4BFF8B}.Debug|Any CPU.ActiveCfg = Debug|Any CPU
		{F6BE5CCC-A0AA-4B6E-856F-125B0B4BFF8B}.Debug|Any CPU.Build.0 = Debug|Any CPU
		{F6BE5CCC-A0AA-4B6E-856F-125B0B4BFF8B}.Release|Any CPU.ActiveCfg = Release|Any CPU
		{F6BE5CCC-A0AA-4B6E-856F-125B0B4BFF8B}.Release|Any CPU.Build.0 = Release|Any CPU
	EndGlobalSection
	GlobalSection(SolutionProperties) = preSolution
		HideSolutionNode = FALSE
	EndGlobalSection
	GlobalSection(ExtensibilityGlobals) = postSolution
		SolutionGuid = {E3F6C81F-2408-4697-BA92-844D515514C7}
	EndGlobalSection
EndGlobal
